
Microsoft Visual Studio Solution File, Format Version 12.00
# Visual Studio 15
VisualStudioVersion = 15.0.27130.2027
MinimumVisualStudioVersion = 10.0.40219.1
Project("{FAE04EC0-301F-11D3-BF4B-00C04F79EFBC}") = "MAKInterpret.Android", "MAKInterpret\MAKInterpret.Android\MAKInterpret.Android.csproj", "{77649B7F-DE09-4559-B2B6-0840E84764BD}"
EndProject
Project("{FAE04EC0-301F-11D3-BF4B-00C04F79EFBC}") = "MAKInterpret.iOS", "MAKInterpret\MAKInterpret.iOS\MAKInterpret.iOS.csproj", "{D4B82095-880F-4E3D-B41D-BC315C61509E}"
EndProject
Project("{FAE04EC0-301F-11D3-BF4B-00C04F79EFBC}") = "MAKInterpret.UWP", "MAKInterpret\MAKInterpret.UWP\MAKInterpret.UWP.csproj", "{63D12497-C4F7-48BC-BF32-F5824416C1DA}"
EndProject
Project("{FAE04EC0-301F-11D3-BF4B-00C04F79EFBC}") = "MAKInterpret", "MAKInterpret\MAKInterpret\MAKInterpret.csproj", "{0F4A6A15-25FC-476F-9AD2-786E3C01CC06}"
EndProject
Global
	GlobalSection(SolutionConfigurationPlatforms) = preSolution
		Ad-Hoc|Any CPU = Ad-Hoc|Any CPU
		Ad-Hoc|ARM = Ad-Hoc|ARM
		Ad-Hoc|iPhone = Ad-Hoc|iPhone
		Ad-Hoc|iPhoneSimulator = Ad-Hoc|iPhoneSimulator
		Ad-Hoc|x64 = Ad-Hoc|x64
		Ad-Hoc|x86 = Ad-Hoc|x86
		AppStore|Any CPU = AppStore|Any CPU
		AppStore|ARM = AppStore|ARM
		AppStore|iPhone = AppStore|iPhone
		AppStore|iPhoneSimulator = AppStore|iPhoneSimulator
		AppStore|x64 = AppStore|x64
		AppStore|x86 = AppStore|x86
		Debug|Any CPU = Debug|Any CPU
		Debug|ARM = Debug|ARM
		Debug|iPhone = Debug|iPhone
		Debug|iPhoneSimulator = Debug|iPhoneSimulator
		Debug|x64 = Debug|x64
		Debug|x86 = Debug|x86
		Release|Any CPU = Release|Any CPU
		Release|ARM = Release|ARM
		Release|iPhone = Release|iPhone
		Release|iPhoneSimulator = Release|iPhoneSimulator
		Release|x64 = Release|x64
		Release|x86 = Release|x86
	EndGlobalSection
	GlobalSection(ProjectConfigurationPlatforms) = postSolution
		{77649B7F-DE09-4559-B2B6-0840E84764BD}.Ad-Hoc|Any CPU.ActiveCfg = Release|Any CPU
		{77649B7F-DE09-4559-B2B6-0840E84764BD}.Ad-Hoc|Any CPU.Build.0 = Release|Any CPU
		{77649B7F-DE09-4559-B2B6-0840E84764BD}.Ad-Hoc|Any CPU.Deploy.0 = Release|Any CPU
		{77649B7F-DE09-4559-B2B6-0840E84764BD}.Ad-Hoc|ARM.ActiveCfg = Release|Any CPU
		{77649B7F-DE09-4559-B2B6-0840E84764BD}.Ad-Hoc|ARM.Build.0 = Release|Any CPU
		{77649B7F-DE09-4559-B2B6-0840E84764BD}.Ad-Hoc|ARM.Deploy.0 = Release|Any CPU
		{77649B7F-DE09-4559-B2B6-0840E84764BD}.Ad-Hoc|iPhone.ActiveCfg = Release|Any CPU
		{77649B7F-DE09-4559-B2B6-0840E84764BD}.Ad-Hoc|iPhone.Build.0 = Release|Any CPU
		{77649B7F-DE09-4559-B2B6-0840E84764BD}.Ad-Hoc|iPhone.Deploy.0 = Release|Any CPU
		{77649B7F-DE09-4559-B2B6-0840E84764BD}.Ad-Hoc|iPhoneSimulator.ActiveCfg = Release|Any CPU
		{77649B7F-DE09-4559-B2B6-0840E84764BD}.Ad-Hoc|iPhoneSimulator.Build.0 = Release|Any CPU
		{77649B7F-DE09-4559-B2B6-0840E84764BD}.Ad-Hoc|iPhoneSimulator.Deploy.0 = Release|Any CPU
		{77649B7F-DE09-4559-B2B6-0840E84764BD}.Ad-Hoc|x64.ActiveCfg = Release|Any CPU
		{77649B7F-DE09-4559-B2B6-0840E84764BD}.Ad-Hoc|x64.Build.0 = Release|Any CPU
		{77649B7F-DE09-4559-B2B6-0840E84764BD}.Ad-Hoc|x64.Deploy.0 = Release|Any CPU
		{77649B7F-DE09-4559-B2B6-0840E84764BD}.Ad-Hoc|x86.ActiveCfg = Release|Any CPU
		{77649B7F-DE09-4559-B2B6-0840E84764BD}.Ad-Hoc|x86.Build.0 = Release|Any CPU
		{77649B7F-DE09-4559-B2B6-0840E84764BD}.Ad-Hoc|x86.Deploy.0 = Release|Any CPU
		{77649B7F-DE09-4559-B2B6-0840E84764BD}.AppStore|Any CPU.ActiveCfg = Release|Any CPU
		{77649B7F-DE09-4559-B2B6-0840E84764BD}.AppStore|Any CPU.Build.0 = Release|Any CPU
		{77649B7F-DE09-4559-B2B6-0840E84764BD}.AppStore|Any CPU.Deploy.0 = Release|Any CPU
		{77649B7F-DE09-4559-B2B6-0840E84764BD}.AppStore|ARM.ActiveCfg = Release|Any CPU
		{77649B7F-DE09-4559-B2B6-0840E84764BD}.AppStore|ARM.Build.0 = Release|Any CPU
		{77649B7F-DE09-4559-B2B6-0840E84764BD}.AppStore|ARM.Deploy.0 = Release|Any CPU
		{77649B7F-DE09-4559-B2B6-0840E84764BD}.AppStore|iPhone.ActiveCfg = Release|Any CPU
		{77649B7F-DE09-4559-B2B6-0840E84764BD}.AppStore|iPhone.Build.0 = Release|Any CPU
		{77649B7F-DE09-4559-B2B6-0840E84764BD}.AppStore|iPhone.Deploy.0 = Release|Any CPU
		{77649B7F-DE09-4559-B2B6-0840E84764BD}.AppStore|iPhoneSimulator.ActiveCfg = Release|Any CPU
		{77649B7F-DE09-4559-B2B6-0840E84764BD}.AppStore|iPhoneSimulator.Build.0 = Release|Any CPU
		{77649B7F-DE09-4559-B2B6-0840E84764BD}.AppStore|iPhoneSimulator.Deploy.0 = Release|Any CPU
		{77649B7F-DE09-4559-B2B6-0840E84764BD}.AppStore|x64.ActiveCfg = Release|Any CPU
		{77649B7F-DE09-4559-B2B6-0840E84764BD}.AppStore|x64.Build.0 = Release|Any CPU
		{77649B7F-DE09-4559-B2B6-0840E84764BD}.AppStore|x64.Deploy.0 = Release|Any CPU
		{77649B7F-DE09-4559-B2B6-0840E84764BD}.AppStore|x86.ActiveCfg = Release|Any CPU
		{77649B7F-DE09-4559-B2B6-0840E84764BD}.AppStore|x86.Build.0 = Release|Any CPU
		{77649B7F-DE09-4559-B2B6-0840E84764BD}.AppStore|x86.Deploy.0 = Release|Any CPU
		{77649B7F-DE09-4559-B2B6-0840E84764BD}.Debug|Any CPU.ActiveCfg = Debug|Any CPU
		{77649B7F-DE09-4559-B2B6-0840E84764BD}.Debug|Any CPU.Build.0 = Debug|Any CPU
		{77649B7F-DE09-4559-B2B6-0840E84764BD}.Debug|Any CPU.Deploy.0 = Debug|Any CPU
		{77649B7F-DE09-4559-B2B6-0840E84764BD}.Debug|ARM.ActiveCfg = Debug|Any CPU
		{77649B7F-DE09-4559-B2B6-0840E84764BD}.Debug|ARM.Build.0 = Debug|Any CPU
		{77649B7F-DE09-4559-B2B6-0840E84764BD}.Debug|ARM.Deploy.0 = Debug|Any CPU
		{77649B7F-DE09-4559-B2B6-0840E84764BD}.Debug|iPhone.ActiveCfg = Debug|Any CPU
		{77649B7F-DE09-4559-B2B6-0840E84764BD}.Debug|iPhone.Build.0 = Debug|Any CPU
		{77649B7F-DE09-4559-B2B6-0840E84764BD}.Debug|iPhone.Deploy.0 = Debug|Any CPU
		{77649B7F-DE09-4559-B2B6-0840E84764BD}.Debug|iPhoneSimulator.ActiveCfg = Debug|Any CPU
		{77649B7F-DE09-4559-B2B6-0840E84764BD}.Debug|iPhoneSimulator.Build.0 = Debug|Any CPU
		{77649B7F-DE09-4559-B2B6-0840E84764BD}.Debug|iPhoneSimulator.Deploy.0 = Debug|Any CPU
		{77649B7F-DE09-4559-B2B6-0840E84764BD}.Debug|x64.ActiveCfg = Debug|Any CPU
		{77649B7F-DE09-4559-B2B6-0840E84764BD}.Debug|x64.Build.0 = Debug|Any CPU
		{77649B7F-DE09-4559-B2B6-0840E84764BD}.Debug|x64.Deploy.0 = Debug|Any CPU
		{77649B7F-DE09-4559-B2B6-0840E84764BD}.Debug|x86.ActiveCfg = Debug|Any CPU
		{77649B7F-DE09-4559-B2B6-0840E84764BD}.Debug|x86.Build.0 = Debug|Any CPU
		{77649B7F-DE09-4559-B2B6-0840E84764BD}.Debug|x86.Deploy.0 = Debug|Any CPU
		{77649B7F-DE09-4559-B2B6-0840E84764BD}.Release|Any CPU.ActiveCfg = Release|Any CPU
		{77649B7F-DE09-4559-B2B6-0840E84764BD}.Release|Any CPU.Build.0 = Release|Any CPU
		{77649B7F-DE09-4559-B2B6-0840E84764BD}.Release|Any CPU.Deploy.0 = Release|Any CPU
		{77649B7F-DE09-4559-B2B6-0840E84764BD}.Release|ARM.ActiveCfg = Release|Any CPU
		{77649B7F-DE09-4559-B2B6-0840E84764BD}.Release|ARM.Build.0 = Release|Any CPU
		{77649B7F-DE09-4559-B2B6-0840E84764BD}.Release|ARM.Deploy.0 = Release|Any CPU
		{77649B7F-DE09-4559-B2B6-0840E84764BD}.Release|iPhone.ActiveCfg = Release|Any CPU
		{77649B7F-DE09-4559-B2B6-0840E84764BD}.Release|iPhone.Build.0 = Release|Any CPU
		{77649B7F-DE09-4559-B2B6-0840E84764BD}.Release|iPhone.Deploy.0 = Release|Any CPU
		{77649B7F-DE09-4559-B2B6-0840E84764BD}.Release|iPhoneSimulator.ActiveCfg = Release|Any CPU
		{77649B7F-DE09-4559-B2B6-0840E84764BD}.Release|iPhoneSimulator.Build.0 = Release|Any CPU
		{77649B7F-DE09-4559-B2B6-0840E84764BD}.Release|iPhoneSimulator.Deploy.0 = Release|Any CPU
		{77649B7F-DE09-4559-B2B6-0840E84764BD}.Release|x64.ActiveCfg = Release|Any CPU
		{77649B7F-DE09-4559-B2B6-0840E84764BD}.Release|x64.Build.0 = Release|Any CPU
		{77649B7F-DE09-4559-B2B6-0840E84764BD}.Release|x64.Deploy.0 = Release|Any CPU
		{77649B7F-DE09-4559-B2B6-0840E84764BD}.Release|x86.ActiveCfg = Release|Any CPU
		{77649B7F-DE09-4559-B2B6-0840E84764BD}.Release|x86.Build.0 = Release|Any CPU
		{77649B7F-DE09-4559-B2B6-0840E84764BD}.Release|x86.Deploy.0 = Release|Any CPU
		{D4B82095-880F-4E3D-B41D-BC315C61509E}.Ad-Hoc|Any CPU.ActiveCfg = Ad-Hoc|iPhone
		{D4B82095-880F-4E3D-B41D-BC315C61509E}.Ad-Hoc|ARM.ActiveCfg = Ad-Hoc|iPhone
		{D4B82095-880F-4E3D-B41D-BC315C61509E}.Ad-Hoc|iPhone.ActiveCfg = Ad-Hoc|iPhone
		{D4B82095-880F-4E3D-B41D-BC315C61509E}.Ad-Hoc|iPhone.Build.0 = Ad-Hoc|iPhone
		{D4B82095-880F-4E3D-B41D-BC315C61509E}.Ad-Hoc|iPhoneSimulator.ActiveCfg = Ad-Hoc|iPhoneSimulator
		{D4B82095-880F-4E3D-B41D-BC315C61509E}.Ad-Hoc|iPhoneSimulator.Build.0 = Ad-Hoc|iPhoneSimulator
		{D4B82095-880F-4E3D-B41D-BC315C61509E}.Ad-Hoc|x64.ActiveCfg = Ad-Hoc|iPhone
		{D4B82095-880F-4E3D-B41D-BC315C61509E}.Ad-Hoc|x86.ActiveCfg = Ad-Hoc|iPhone
		{D4B82095-880F-4E3D-B41D-BC315C61509E}.AppStore|Any CPU.ActiveCfg = AppStore|iPhone
		{D4B82095-880F-4E3D-B41D-BC315C61509E}.AppStore|ARM.ActiveCfg = AppStore|iPhone
		{D4B82095-880F-4E3D-B41D-BC315C61509E}.AppStore|iPhone.ActiveCfg = AppStore|iPhone
		{D4B82095-880F-4E3D-B41D-BC315C61509E}.AppStore|iPhone.Build.0 = AppStore|iPhone
		{D4B82095-880F-4E3D-B41D-BC315C61509E}.AppStore|iPhoneSimulator.ActiveCfg = AppStore|iPhoneSimulator
		{D4B82095-880F-4E3D-B41D-BC315C61509E}.AppStore|iPhoneSimulator.Build.0 = AppStore|iPhoneSimulator
		{D4B82095-880F-4E3D-B41D-BC315C61509E}.AppStore|x64.ActiveCfg = AppStore|iPhone
		{D4B82095-880F-4E3D-B41D-BC315C61509E}.AppStore|x86.ActiveCfg = AppStore|iPhone
		{D4B82095-880F-4E3D-B41D-BC315C61509E}.Debug|Any CPU.ActiveCfg = Debug|iPhone
		{D4B82095-880F-4E3D-B41D-BC315C61509E}.Debug|ARM.ActiveCfg = Debug|iPhone
		{D4B82095-880F-4E3D-B41D-BC315C61509E}.Debug|iPhone.ActiveCfg = Debug|iPhone
		{D4B82095-880F-4E3D-B41D-BC315C61509E}.Debug|iPhone.Build.0 = Debug|iPhone
		{D4B82095-880F-4E3D-B41D-BC315C61509E}.Debug|iPhoneSimulator.ActiveCfg = Debug|iPhoneSimulator
		{D4B82095-880F-4E3D-B41D-BC315C61509E}.Debug|iPhoneSimulator.Build.0 = Debug|iPhoneSimulator
		{D4B82095-880F-4E3D-B41D-BC315C61509E}.Debug|x64.ActiveCfg = Debug|iPhone
		{D4B82095-880F-4E3D-B41D-BC315C61509E}.Debug|x86.ActiveCfg = Debug|iPhone
		{D4B82095-880F-4E3D-B41D-BC315C61509E}.Release|Any CPU.ActiveCfg = Release|iPhone
		{D4B82095-880F-4E3D-B41D-BC315C61509E}.Release|ARM.ActiveCfg = Release|iPhone
		{D4B82095-880F-4E3D-B41D-BC315C61509E}.Release|iPhone.ActiveCfg = Release|iPhone
		{D4B82095-880F-4E3D-B41D-BC315C61509E}.Release|iPhone.Build.0 = Release|iPhone
		{D4B82095-880F-4E3D-B41D-BC315C61509E}.Release|iPhoneSimulator.ActiveCfg = Release|iPhoneSimulator
		{D4B82095-880F-4E3D-B41D-BC315C61509E}.Release|iPhoneSimulator.Build.0 = Release|iPhoneSimulator
		{D4B82095-880F-4E3D-B41D-BC315C61509E}.Release|x64.ActiveCfg = Release|iPhone
		{D4B82095-880F-4E3D-B41D-BC315C61509E}.Release|x86.ActiveCfg = Release|iPhone
		{63D12497-C4F7-48BC-BF32-F5824416C1DA}.Ad-Hoc|Any CPU.ActiveCfg = Release|x86
		{63D12497-C4F7-48BC-BF32-F5824416C1DA}.Ad-Hoc|Any CPU.Build.0 = Release|x86
		{63D12497-C4F7-48BC-BF32-F5824416C1DA}.Ad-Hoc|Any CPU.Deploy.0 = Release|x86
		{63D12497-C4F7-48BC-BF32-F5824416C1DA}.Ad-Hoc|ARM.ActiveCfg = Release|ARM
		{63D12497-C4F7-48BC-BF32-F5824416C1DA}.Ad-Hoc|ARM.Build.0 = Release|ARM
		{63D12497-C4F7-48BC-BF32-F5824416C1DA}.Ad-Hoc|ARM.Deploy.0 = Release|ARM
		{63D12497-C4F7-48BC-BF32-F5824416C1DA}.Ad-Hoc|iPhone.ActiveCfg = Release|x86
		{63D12497-C4F7-48BC-BF32-F5824416C1DA}.Ad-Hoc|iPhone.Build.0 = Release|x86
		{63D12497-C4F7-48BC-BF32-F5824416C1DA}.Ad-Hoc|iPhone.Deploy.0 = Release|x86
		{63D12497-C4F7-48BC-BF32-F5824416C1DA}.Ad-Hoc|iPhoneSimulator.ActiveCfg = Release|x86
		{63D12497-C4F7-48BC-BF32-F5824416C1DA}.Ad-Hoc|iPhoneSimulator.Build.0 = Release|x86
		{63D12497-C4F7-48BC-BF32-F5824416C1DA}.Ad-Hoc|iPhoneSimulator.Deploy.0 = Release|x86
		{63D12497-C4F7-48BC-BF32-F5824416C1DA}.Ad-Hoc|x64.ActiveCfg = Release|x64
		{63D12497-C4F7-48BC-BF32-F5824416C1DA}.Ad-Hoc|x64.Build.0 = Release|x64
		{63D12497-C4F7-48BC-BF32-F5824416C1DA}.Ad-Hoc|x64.Deploy.0 = Release|x64
		{63D12497-C4F7-48BC-BF32-F5824416C1DA}.Ad-Hoc|x86.ActiveCfg = Release|x86
		{63D12497-C4F7-48BC-BF32-F5824416C1DA}.Ad-Hoc|x86.Build.0 = Release|x86
		{63D12497-C4F7-48BC-BF32-F5824416C1DA}.Ad-Hoc|x86.Deploy.0 = Release|x86
		{63D12497-C4F7-48BC-BF32-F5824416C1DA}.AppStore|Any CPU.ActiveCfg = Release|x86
		{63D12497-C4F7-48BC-BF32-F5824416C1DA}.AppStore|Any CPU.Build.0 = Release|x86
		{63D12497-C4F7-48BC-BF32-F5824416C1DA}.AppStore|Any CPU.Deploy.0 = Release|x86
		{63D12497-C4F7-48BC-BF32-F5824416C1DA}.AppStore|ARM.ActiveCfg = Release|ARM
		{63D12497-C4F7-48BC-BF32-F5824416C1DA}.AppStore|ARM.Build.0 = Release|ARM
		{63D12497-C4F7-48BC-BF32-F5824416C1DA}.AppStore|ARM.Deploy.0 = Release|ARM
		{63D12497-C4F7-48BC-BF32-F5824416C1DA}.AppStore|iPhone.ActiveCfg = Release|x86
		{63D12497-C4F7-48BC-BF32-F5824416C1DA}.AppStore|iPhone.Build.0 = Release|x86
		{63D12497-C4F7-48BC-BF32-F5824416C1DA}.AppStore|iPhone.Deploy.0 = Release|x86
		{63D12497-C4F7-48BC-BF32-F5824416C1DA}.AppStore|iPhoneSimulator.ActiveCfg = Release|x86
		{63D12497-C4F7-48BC-BF32-F5824416C1DA}.AppStore|iPhoneSimulator.Build.0 = Release|x86
		{63D12497-C4F7-48BC-BF32-F5824416C1DA}.AppStore|iPhoneSimulator.Deploy.0 = Release|x86
		{63D12497-C4F7-48BC-BF32-F5824416C1DA}.AppStore|x64.ActiveCfg = Release|x64
		{63D12497-C4F7-48BC-BF32-F5824416C1DA}.AppStore|x64.Build.0 = Release|x64
		{63D12497-C4F7-48BC-BF32-F5824416C1DA}.AppStore|x64.Deploy.0 = Release|x64
		{63D12497-C4F7-48BC-BF32-F5824416C1DA}.AppStore|x86.ActiveCfg = Release|x86
		{63D12497-C4F7-48BC-BF32-F5824416C1DA}.AppStore|x86.Build.0 = Release|x86
		{63D12497-C4F7-48BC-BF32-F5824416C1DA}.AppStore|x86.Deploy.0 = Release|x86
		{63D12497-C4F7-48BC-BF32-F5824416C1DA}.Debug|Any CPU.ActiveCfg = Debug|x86
		{63D12497-C4F7-48BC-BF32-F5824416C1DA}.Debug|ARM.ActiveCfg = Debug|ARM
		{63D12497-C4F7-48BC-BF32-F5824416C1DA}.Debug|ARM.Build.0 = Debug|ARM
		{63D12497-C4F7-48BC-BF32-F5824416C1DA}.Debug|ARM.Deploy.0 = Debug|ARM
		{63D12497-C4F7-48BC-BF32-F5824416C1DA}.Debug|iPhone.ActiveCfg = Debug|x86
		{63D12497-C4F7-48BC-BF32-F5824416C1DA}.Debug|iPhoneSimulator.ActiveCfg = Debug|x86
		{63D12497-C4F7-48BC-BF32-F5824416C1DA}.Debug|x64.ActiveCfg = Debug|x64
		{63D12497-C4F7-48BC-BF32-F5824416C1DA}.Debug|x64.Build.0 = Debug|x64
		{63D12497-C4F7-48BC-BF32-F5824416C1DA}.Debug|x64.Deploy.0 = Debug|x64
		{63D12497-C4F7-48BC-BF32-F5824416C1DA}.Debug|x86.ActiveCfg = Debug|x86
		{63D12497-C4F7-48BC-BF32-F5824416C1DA}.Debug|x86.Build.0 = Debug|x86
		{63D12497-C4F7-48BC-BF32-F5824416C1DA}.Debug|x86.Deploy.0 = Debug|x86
		{63D12497-C4F7-48BC-BF32-F5824416C1DA}.Release|Any CPU.ActiveCfg = Release|x86
		{63D12497-C4F7-48BC-BF32-F5824416C1DA}.Release|ARM.ActiveCfg = Release|ARM
		{63D12497-C4F7-48BC-BF32-F5824416C1DA}.Release|ARM.Build.0 = Release|ARM
		{63D12497-C4F7-48BC-BF32-F5824416C1DA}.Release|ARM.Deploy.0 = Release|ARM
		{63D12497-C4F7-48BC-BF32-F5824416C1DA}.Release|iPhone.ActiveCfg = Release|x86
		{63D12497-C4F7-48BC-BF32-F5824416C1DA}.Release|iPhoneSimulator.ActiveCfg = Release|x86
		{63D12497-C4F7-48BC-BF32-F5824416C1DA}.Release|x64.ActiveCfg = Release|x64
		{63D12497-C4F7-48BC-BF32-F5824416C1DA}.Release|x64.Build.0 = Release|x64
		{63D12497-C4F7-48BC-BF32-F5824416C1DA}.Release|x64.Deploy.0 = Release|x64
		{63D12497-C4F7-48BC-BF32-F5824416C1DA}.Release|x86.ActiveCfg = Release|x86
		{63D12497-C4F7-48BC-BF32-F5824416C1DA}.Release|x86.Build.0 = Release|x86
		{63D12497-C4F7-48BC-BF32-F5824416C1DA}.Release|x86.Deploy.0 = Release|x86
		{0F4A6A15-25FC-476F-9AD2-786E3C01CC06}.Ad-Hoc|Any CPU.ActiveCfg = Debug|Any CPU
		{0F4A6A15-25FC-476F-9AD2-786E3C01CC06}.Ad-Hoc|Any CPU.Build.0 = Debug|Any CPU
		{0F4A6A15-25FC-476F-9AD2-786E3C01CC06}.Ad-Hoc|ARM.ActiveCfg = Debug|Any CPU
		{0F4A6A15-25FC-476F-9AD2-786E3C01CC06}.Ad-Hoc|ARM.Build.0 = Debug|Any CPU
		{0F4A6A15-25FC-476F-9AD2-786E3C01CC06}.Ad-Hoc|iPhone.ActiveCfg = Debug|Any CPU
		{0F4A6A15-25FC-476F-9AD2-786E3C01CC06}.Ad-Hoc|iPhone.Build.0 = Debug|Any CPU
		{0F4A6A15-25FC-476F-9AD2-786E3C01CC06}.Ad-Hoc|iPhoneSimulator.ActiveCfg = Debug|Any CPU
		{0F4A6A15-25FC-476F-9AD2-786E3C01CC06}.Ad-Hoc|iPhoneSimulator.Build.0 = Debug|Any CPU
		{0F4A6A15-25FC-476F-9AD2-786E3C01CC06}.Ad-Hoc|x64.ActiveCfg = Debug|Any CPU
		{0F4A6A15-25FC-476F-9AD2-786E3C01CC06}.Ad-Hoc|x64.Build.0 = Debug|Any CPU
		{0F4A6A15-25FC-476F-9AD2-786E3C01CC06}.Ad-Hoc|x86.ActiveCfg = Debug|Any CPU
		{0F4A6A15-25FC-476F-9AD2-786E3C01CC06}.Ad-Hoc|x86.Build.0 = Debug|Any CPU
		{0F4A6A15-25FC-476F-9AD2-786E3C01CC06}.AppStore|Any CPU.ActiveCfg = Debug|Any CPU
		{0F4A6A15-25FC-476F-9AD2-786E3C01CC06}.AppStore|Any CPU.Build.0 = Debug|Any CPU
		{0F4A6A15-25FC-476F-9AD2-786E3C01CC06}.AppStore|ARM.ActiveCfg = Debug|Any CPU
		{0F4A6A15-25FC-476F-9AD2-786E3C01CC06}.AppStore|ARM.Build.0 = Debug|Any CPU
		{0F4A6A15-25FC-476F-9AD2-786E3C01CC06}.AppStore|iPhone.ActiveCfg = Debug|Any CPU
		{0F4A6A15-25FC-476F-9AD2-786E3C01CC06}.AppStore|iPhone.Build.0 = Debug|Any CPU
		{0F4A6A15-25FC-476F-9AD2-786E3C01CC06}.AppStore|iPhoneSimulator.ActiveCfg = Debug|Any CPU
		{0F4A6A15-25FC-476F-9AD2-786E3C01CC06}.AppStore|iPhoneSimulator.Build.0 = Debug|Any CPU
		{0F4A6A15-25FC-476F-9AD2-786E3C01CC06}.AppStore|x64.ActiveCfg = Debug|Any CPU
		{0F4A6A15-25FC-476F-9AD2-786E3C01CC06}.AppStore|x64.Build.0 = Debug|Any CPU
		{0F4A6A15-25FC-476F-9AD2-786E3C01CC06}.AppStore|x86.ActiveCfg = Debug|Any CPU
		{0F4A6A15-25FC-476F-9AD2-786E3C01CC06}.AppStore|x86.Build.0 = Debug|Any CPU
		{0F4A6A15-25FC-476F-9AD2-786E3C01CC06}.Debug|Any CPU.ActiveCfg = Debug|Any CPU
		{0F4A6A15-25FC-476F-9AD2-786E3C01CC06}.Debug|Any CPU.Build.0 = Debug|Any CPU
		{0F4A6A15-25FC-476F-9AD2-786E3C01CC06}.Debug|ARM.ActiveCfg = Debug|Any CPU
		{0F4A6A15-25FC-476F-9AD2-786E3C01CC06}.Debug|ARM.Build.0 = Debug|Any CPU
		{0F4A6A15-25FC-476F-9AD2-786E3C01CC06}.Debug|iPhone.ActiveCfg = Debug|Any CPU
		{0F4A6A15-25FC-476F-9AD2-786E3C01CC06}.Debug|iPhone.Build.0 = Debug|Any CPU
		{0F4A6A15-25FC-476F-9AD2-786E3C01CC06}.Debug|iPhoneSimulator.ActiveCfg = Debug|Any CPU
		{0F4A6A15-25FC-476F-9AD2-786E3C01CC06}.Debug|iPhoneSimulator.Build.0 = Debug|Any CPU
		{0F4A6A15-25FC-476F-9AD2-786E3C01CC06}.Debug|x64.ActiveCfg = Debug|Any CPU
		{0F4A6A15-25FC-476F-9AD2-786E3C01CC06}.Debug|x64.Build.0 = Debug|Any CPU
		{0F4A6A15-25FC-476F-9AD2-786E3C01CC06}.Debug|x86.ActiveCfg = Debug|Any CPU
		{0F4A6A15-25FC-476F-9AD2-786E3C01CC06}.Debug|x86.Build.0 = Debug|Any CPU
		{0F4A6A15-25FC-476F-9AD2-786E3C01CC06}.Release|Any CPU.ActiveCfg = Release|Any CPU
		{0F4A6A15-25FC-476F-9AD2-786E3C01CC06}.Release|Any CPU.Build.0 = Release|Any CPU
		{0F4A6A15-25FC-476F-9AD2-786E3C01CC06}.Release|ARM.ActiveCfg = Release|Any CPU
		{0F4A6A15-25FC-476F-9AD2-786E3C01CC06}.Release|ARM.Build.0 = Release|Any CPU
		{0F4A6A15-25FC-476F-9AD2-786E3C01CC06}.Release|iPhone.ActiveCfg = Release|Any CPU
		{0F4A6A15-25FC-476F-9AD2-786E3C01CC06}.Release|iPhone.Build.0 = Release|Any CPU
		{0F4A6A15-25FC-476F-9AD2-786E3C01CC06}.Release|iPhoneSimulator.ActiveCfg = Release|Any CPU
		{0F4A6A15-25FC-476F-9AD2-786E3C01CC06}.Release|iPhoneSimulator.Build.0 = Release|Any CPU
		{0F4A6A15-25FC-476F-9AD2-786E3C01CC06}.Release|x64.ActiveCfg = Release|Any CPU
		{0F4A6A15-25FC-476F-9AD2-786E3C01CC06}.Release|x64.Build.0 = Release|Any CPU
		{0F4A6A15-25FC-476F-9AD2-786E3C01CC06}.Release|x86.ActiveCfg = Release|Any CPU
		{0F4A6A15-25FC-476F-9AD2-786E3C01CC06}.Release|x86.Build.0 = Release|Any CPU
	EndGlobalSection
	GlobalSection(SolutionProperties) = preSolution
		HideSolutionNode = FALSE
	EndGlobalSection
	GlobalSection(ExtensibilityGlobals) = postSolution
		SolutionGuid = {E95356F2-DD84-40DE-9645-FB7D023A6788}
	EndGlobalSection
EndGlobal
