
Microsoft Visual Studio Solution File, Format Version 12.00
# Visual Studio 15
VisualStudioVersion = 15.0.27130.2036
MinimumVisualStudioVersion = 10.0.40219.1
Project("{FAE04EC0-301F-11D3-BF4B-00C04F79EFBC}") = "XamarinBingNewsSearch.Android", "XamarinBingNewsSearch\XamarinBingNewsSearch.Android\XamarinBingNewsSearch.Android.csproj", "{8A48CBBD-F660-4818-A3CE-61E2615805C3}"
EndProject
Project("{FAE04EC0-301F-11D3-BF4B-00C04F79EFBC}") = "XamarinBingNewsSearch.iOS", "XamarinBingNewsSearch\XamarinBingNewsSearch.iOS\XamarinBingNewsSearch.iOS.csproj", "{D81574CB-91A7-4128-97B0-B9FF8FC68A07}"
EndProject
Project("{FAE04EC0-301F-11D3-BF4B-00C04F79EFBC}") = "XamarinBingNewsSearch.UWP", "XamarinBingNewsSearch\XamarinBingNewsSearch.UWP\XamarinBingNewsSearch.UWP.csproj", "{8EFBAEB7-CB43-4004-89A6-600E73D2F628}"
EndProject
Project("{FAE04EC0-301F-11D3-BF4B-00C04F79EFBC}") = "XamarinBingNewsSearch", "XamarinBingNewsSearch\XamarinBingNewsSearch\XamarinBingNewsSearch.csproj", "{E05CDFA7-114A-4566-9869-1523508F969F}"
EndProject
Global
	GlobalSection(SolutionConfigurationPlatforms) = preSolution
		Ad-Hoc|Any CPU = Ad-Hoc|Any CPU
		Ad-Hoc|ARM = Ad-Hoc|ARM
		Ad-Hoc|iPhone = Ad-Hoc|iPhone
		Ad-Hoc|iPhoneSimulator = Ad-Hoc|iPhoneSimulator
		Ad-Hoc|x64 = Ad-Hoc|x64
		Ad-Hoc|x86 = Ad-Hoc|x86
		AppStore|Any CPU = AppStore|Any CPU
		AppStore|ARM = AppStore|ARM
		AppStore|iPhone = AppStore|iPhone
		AppStore|iPhoneSimulator = AppStore|iPhoneSimulator
		AppStore|x64 = AppStore|x64
		AppStore|x86 = AppStore|x86
		Debug|Any CPU = Debug|Any CPU
		Debug|ARM = Debug|ARM
		Debug|iPhone = Debug|iPhone
		Debug|iPhoneSimulator = Debug|iPhoneSimulator
		Debug|x64 = Debug|x64
		Debug|x86 = Debug|x86
		Release|Any CPU = Release|Any CPU
		Release|ARM = Release|ARM
		Release|iPhone = Release|iPhone
		Release|iPhoneSimulator = Release|iPhoneSimulator
		Release|x64 = Release|x64
		Release|x86 = Release|x86
	EndGlobalSection
	GlobalSection(ProjectConfigurationPlatforms) = postSolution
		{8A48CBBD-F660-4818-A3CE-61E2615805C3}.Ad-Hoc|Any CPU.ActiveCfg = Release|Any CPU
		{8A48CBBD-F660-4818-A3CE-61E2615805C3}.Ad-Hoc|Any CPU.Build.0 = Release|Any CPU
		{8A48CBBD-F660-4818-A3CE-61E2615805C3}.Ad-Hoc|Any CPU.Deploy.0 = Release|Any CPU
		{8A48CBBD-F660-4818-A3CE-61E2615805C3}.Ad-Hoc|ARM.ActiveCfg = Release|Any CPU
		{8A48CBBD-F660-4818-A3CE-61E2615805C3}.Ad-Hoc|ARM.Build.0 = Release|Any CPU
		{8A48CBBD-F660-4818-A3CE-61E2615805C3}.Ad-Hoc|ARM.Deploy.0 = Release|Any CPU
		{8A48CBBD-F660-4818-A3CE-61E2615805C3}.Ad-Hoc|iPhone.ActiveCfg = Release|Any CPU
		{8A48CBBD-F660-4818-A3CE-61E2615805C3}.Ad-Hoc|iPhone.Build.0 = Release|Any CPU
		{8A48CBBD-F660-4818-A3CE-61E2615805C3}.Ad-Hoc|iPhone.Deploy.0 = Release|Any CPU
		{8A48CBBD-F660-4818-A3CE-61E2615805C3}.Ad-Hoc|iPhoneSimulator.ActiveCfg = Release|Any CPU
		{8A48CBBD-F660-4818-A3CE-61E2615805C3}.Ad-Hoc|iPhoneSimulator.Build.0 = Release|Any CPU
		{8A48CBBD-F660-4818-A3CE-61E2615805C3}.Ad-Hoc|iPhoneSimulator.Deploy.0 = Release|Any CPU
		{8A48CBBD-F660-4818-A3CE-61E2615805C3}.Ad-Hoc|x64.ActiveCfg = Release|Any CPU
		{8A48CBBD-F660-4818-A3CE-61E2615805C3}.Ad-Hoc|x64.Build.0 = Release|Any CPU
		{8A48CBBD-F660-4818-A3CE-61E2615805C3}.Ad-Hoc|x64.Deploy.0 = Release|Any CPU
		{8A48CBBD-F660-4818-A3CE-61E2615805C3}.Ad-Hoc|x86.ActiveCfg = Release|Any CPU
		{8A48CBBD-F660-4818-A3CE-61E2615805C3}.Ad-Hoc|x86.Build.0 = Release|Any CPU
		{8A48CBBD-F660-4818-A3CE-61E2615805C3}.Ad-Hoc|x86.Deploy.0 = Release|Any CPU
		{8A48CBBD-F660-4818-A3CE-61E2615805C3}.AppStore|Any CPU.ActiveCfg = Release|Any CPU
		{8A48CBBD-F660-4818-A3CE-61E2615805C3}.AppStore|Any CPU.Build.0 = Release|Any CPU
		{8A48CBBD-F660-4818-A3CE-61E2615805C3}.AppStore|Any CPU.Deploy.0 = Release|Any CPU
		{8A48CBBD-F660-4818-A3CE-61E2615805C3}.AppStore|ARM.ActiveCfg = Release|Any CPU
		{8A48CBBD-F660-4818-A3CE-61E2615805C3}.AppStore|ARM.Build.0 = Release|Any CPU
		{8A48CBBD-F660-4818-A3CE-61E2615805C3}.AppStore|ARM.Deploy.0 = Release|Any CPU
		{8A48CBBD-F660-4818-A3CE-61E2615805C3}.AppStore|iPhone.ActiveCfg = Release|Any CPU
		{8A48CBBD-F660-4818-A3CE-61E2615805C3}.AppStore|iPhone.Build.0 = Release|Any CPU
		{8A48CBBD-F660-4818-A3CE-61E2615805C3}.AppStore|iPhone.Deploy.0 = Release|Any CPU
		{8A48CBBD-F660-4818-A3CE-61E2615805C3}.AppStore|iPhoneSimulator.ActiveCfg = Release|Any CPU
		{8A48CBBD-F660-4818-A3CE-61E2615805C3}.AppStore|iPhoneSimulator.Build.0 = Release|Any CPU
		{8A48CBBD-F660-4818-A3CE-61E2615805C3}.AppStore|iPhoneSimulator.Deploy.0 = Release|Any CPU
		{8A48CBBD-F660-4818-A3CE-61E2615805C3}.AppStore|x64.ActiveCfg = Release|Any CPU
		{8A48CBBD-F660-4818-A3CE-61E2615805C3}.AppStore|x64.Build.0 = Release|Any CPU
		{8A48CBBD-F660-4818-A3CE-61E2615805C3}.AppStore|x64.Deploy.0 = Release|Any CPU
		{8A48CBBD-F660-4818-A3CE-61E2615805C3}.AppStore|x86.ActiveCfg = Release|Any CPU
		{8A48CBBD-F660-4818-A3CE-61E2615805C3}.AppStore|x86.Build.0 = Release|Any CPU
		{8A48CBBD-F660-4818-A3CE-61E2615805C3}.AppStore|x86.Deploy.0 = Release|Any CPU
		{8A48CBBD-F660-4818-A3CE-61E2615805C3}.Debug|Any CPU.ActiveCfg = Debug|Any CPU
		{8A48CBBD-F660-4818-A3CE-61E2615805C3}.Debug|Any CPU.Build.0 = Debug|Any CPU
		{8A48CBBD-F660-4818-A3CE-61E2615805C3}.Debug|Any CPU.Deploy.0 = Debug|Any CPU
		{8A48CBBD-F660-4818-A3CE-61E2615805C3}.Debug|ARM.ActiveCfg = Debug|Any CPU
		{8A48CBBD-F660-4818-A3CE-61E2615805C3}.Debug|ARM.Build.0 = Debug|Any CPU
		{8A48CBBD-F660-4818-A3CE-61E2615805C3}.Debug|ARM.Deploy.0 = Debug|Any CPU
		{8A48CBBD-F660-4818-A3CE-61E2615805C3}.Debug|iPhone.ActiveCfg = Debug|Any CPU
		{8A48CBBD-F660-4818-A3CE-61E2615805C3}.Debug|iPhone.Build.0 = Debug|Any CPU
		{8A48CBBD-F660-4818-A3CE-61E2615805C3}.Debug|iPhone.Deploy.0 = Debug|Any CPU
		{8A48CBBD-F660-4818-A3CE-61E2615805C3}.Debug|iPhoneSimulator.ActiveCfg = Debug|Any CPU
		{8A48CBBD-F660-4818-A3CE-61E2615805C3}.Debug|iPhoneSimulator.Build.0 = Debug|Any CPU
		{8A48CBBD-F660-4818-A3CE-61E2615805C3}.Debug|iPhoneSimulator.Deploy.0 = Debug|Any CPU
		{8A48CBBD-F660-4818-A3CE-61E2615805C3}.Debug|x64.ActiveCfg = Debug|Any CPU
		{8A48CBBD-F660-4818-A3CE-61E2615805C3}.Debug|x64.Build.0 = Debug|Any CPU
		{8A48CBBD-F660-4818-A3CE-61E2615805C3}.Debug|x64.Deploy.0 = Debug|Any CPU
		{8A48CBBD-F660-4818-A3CE-61E2615805C3}.Debug|x86.ActiveCfg = Debug|Any CPU
		{8A48CBBD-F660-4818-A3CE-61E2615805C3}.Debug|x86.Build.0 = Debug|Any CPU
		{8A48CBBD-F660-4818-A3CE-61E2615805C3}.Debug|x86.Deploy.0 = Debug|Any CPU
		{8A48CBBD-F660-4818-A3CE-61E2615805C3}.Release|Any CPU.ActiveCfg = Release|Any CPU
		{8A48CBBD-F660-4818-A3CE-61E2615805C3}.Release|Any CPU.Build.0 = Release|Any CPU
		{8A48CBBD-F660-4818-A3CE-61E2615805C3}.Release|Any CPU.Deploy.0 = Release|Any CPU
		{8A48CBBD-F660-4818-A3CE-61E2615805C3}.Release|ARM.ActiveCfg = Release|Any CPU
		{8A48CBBD-F660-4818-A3CE-61E2615805C3}.Release|ARM.Build.0 = Release|Any CPU
		{8A48CBBD-F660-4818-A3CE-61E2615805C3}.Release|ARM.Deploy.0 = Release|Any CPU
		{8A48CBBD-F660-4818-A3CE-61E2615805C3}.Release|iPhone.ActiveCfg = Release|Any CPU
		{8A48CBBD-F660-4818-A3CE-61E2615805C3}.Release|iPhone.Build.0 = Release|Any CPU
		{8A48CBBD-F660-4818-A3CE-61E2615805C3}.Release|iPhone.Deploy.0 = Release|Any CPU
		{8A48CBBD-F660-4818-A3CE-61E2615805C3}.Release|iPhoneSimulator.ActiveCfg = Release|Any CPU
		{8A48CBBD-F660-4818-A3CE-61E2615805C3}.Release|iPhoneSimulator.Build.0 = Release|Any CPU
		{8A48CBBD-F660-4818-A3CE-61E2615805C3}.Release|iPhoneSimulator.Deploy.0 = Release|Any CPU
		{8A48CBBD-F660-4818-A3CE-61E2615805C3}.Release|x64.ActiveCfg = Release|Any CPU
		{8A48CBBD-F660-4818-A3CE-61E2615805C3}.Release|x64.Build.0 = Release|Any CPU
		{8A48CBBD-F660-4818-A3CE-61E2615805C3}.Release|x64.Deploy.0 = Release|Any CPU
		{8A48CBBD-F660-4818-A3CE-61E2615805C3}.Release|x86.ActiveCfg = Release|Any CPU
		{8A48CBBD-F660-4818-A3CE-61E2615805C3}.Release|x86.Build.0 = Release|Any CPU
		{8A48CBBD-F660-4818-A3CE-61E2615805C3}.Release|x86.Deploy.0 = Release|Any CPU
		{D81574CB-91A7-4128-97B0-B9FF8FC68A07}.Ad-Hoc|Any CPU.ActiveCfg = Ad-Hoc|iPhone
		{D81574CB-91A7-4128-97B0-B9FF8FC68A07}.Ad-Hoc|ARM.ActiveCfg = Ad-Hoc|iPhone
		{D81574CB-91A7-4128-97B0-B9FF8FC68A07}.Ad-Hoc|iPhone.ActiveCfg = Ad-Hoc|iPhone
		{D81574CB-91A7-4128-97B0-B9FF8FC68A07}.Ad-Hoc|iPhone.Build.0 = Ad-Hoc|iPhone
		{D81574CB-91A7-4128-97B0-B9FF8FC68A07}.Ad-Hoc|iPhoneSimulator.ActiveCfg = Ad-Hoc|iPhoneSimulator
		{D81574CB-91A7-4128-97B0-B9FF8FC68A07}.Ad-Hoc|iPhoneSimulator.Build.0 = Ad-Hoc|iPhoneSimulator
		{D81574CB-91A7-4128-97B0-B9FF8FC68A07}.Ad-Hoc|x64.ActiveCfg = Ad-Hoc|iPhone
		{D81574CB-91A7-4128-97B0-B9FF8FC68A07}.Ad-Hoc|x86.ActiveCfg = Ad-Hoc|iPhone
		{D81574CB-91A7-4128-97B0-B9FF8FC68A07}.AppStore|Any CPU.ActiveCfg = AppStore|iPhone
		{D81574CB-91A7-4128-97B0-B9FF8FC68A07}.AppStore|ARM.ActiveCfg = AppStore|iPhone
		{D81574CB-91A7-4128-97B0-B9FF8FC68A07}.AppStore|iPhone.ActiveCfg = AppStore|iPhone
		{D81574CB-91A7-4128-97B0-B9FF8FC68A07}.AppStore|iPhone.Build.0 = AppStore|iPhone
		{D81574CB-91A7-4128-97B0-B9FF8FC68A07}.AppStore|iPhoneSimulator.ActiveCfg = AppStore|iPhoneSimulator
		{D81574CB-91A7-4128-97B0-B9FF8FC68A07}.AppStore|iPhoneSimulator.Build.0 = AppStore|iPhoneSimulator
		{D81574CB-91A7-4128-97B0-B9FF8FC68A07}.AppStore|x64.ActiveCfg = AppStore|iPhone
		{D81574CB-91A7-4128-97B0-B9FF8FC68A07}.AppStore|x86.ActiveCfg = AppStore|iPhone
		{D81574CB-91A7-4128-97B0-B9FF8FC68A07}.Debug|Any CPU.ActiveCfg = Debug|iPhone
		{D81574CB-91A7-4128-97B0-B9FF8FC68A07}.Debug|ARM.ActiveCfg = Debug|iPhone
		{D81574CB-91A7-4128-97B0-B9FF8FC68A07}.Debug|iPhone.ActiveCfg = Debug|iPhone
		{D81574CB-91A7-4128-97B0-B9FF8FC68A07}.Debug|iPhone.Build.0 = Debug|iPhone
		{D81574CB-91A7-4128-97B0-B9FF8FC68A07}.Debug|iPhoneSimulator.ActiveCfg = Debug|iPhoneSimulator
		{D81574CB-91A7-4128-97B0-B9FF8FC68A07}.Debug|iPhoneSimulator.Build.0 = Debug|iPhoneSimulator
		{D81574CB-91A7-4128-97B0-B9FF8FC68A07}.Debug|x64.ActiveCfg = Debug|iPhone
		{D81574CB-91A7-4128-97B0-B9FF8FC68A07}.Debug|x86.ActiveCfg = Debug|iPhone
		{D81574CB-91A7-4128-97B0-B9FF8FC68A07}.Release|Any CPU.ActiveCfg = Release|iPhone
		{D81574CB-91A7-4128-97B0-B9FF8FC68A07}.Release|ARM.ActiveCfg = Release|iPhone
		{D81574CB-91A7-4128-97B0-B9FF8FC68A07}.Release|iPhone.ActiveCfg = Release|iPhone
		{D81574CB-91A7-4128-97B0-B9FF8FC68A07}.Release|iPhone.Build.0 = Release|iPhone
		{D81574CB-91A7-4128-97B0-B9FF8FC68A07}.Release|iPhoneSimulator.ActiveCfg = Release|iPhoneSimulator
		{D81574CB-91A7-4128-97B0-B9FF8FC68A07}.Release|iPhoneSimulator.Build.0 = Release|iPhoneSimulator
		{D81574CB-91A7-4128-97B0-B9FF8FC68A07}.Release|x64.ActiveCfg = Release|iPhone
		{D81574CB-91A7-4128-97B0-B9FF8FC68A07}.Release|x86.ActiveCfg = Release|iPhone
		{8EFBAEB7-CB43-4004-89A6-600E73D2F628}.Ad-Hoc|Any CPU.ActiveCfg = Release|x86
		{8EFBAEB7-CB43-4004-89A6-600E73D2F628}.Ad-Hoc|Any CPU.Build.0 = Release|x86
		{8EFBAEB7-CB43-4004-89A6-600E73D2F628}.Ad-Hoc|Any CPU.Deploy.0 = Release|x86
		{8EFBAEB7-CB43-4004-89A6-600E73D2F628}.Ad-Hoc|ARM.ActiveCfg = Release|ARM
		{8EFBAEB7-CB43-4004-89A6-600E73D2F628}.Ad-Hoc|ARM.Build.0 = Release|ARM
		{8EFBAEB7-CB43-4004-89A6-600E73D2F628}.Ad-Hoc|ARM.Deploy.0 = Release|ARM
		{8EFBAEB7-CB43-4004-89A6-600E73D2F628}.Ad-Hoc|iPhone.ActiveCfg = Release|x86
		{8EFBAEB7-CB43-4004-89A6-600E73D2F628}.Ad-Hoc|iPhone.Build.0 = Release|x86
		{8EFBAEB7-CB43-4004-89A6-600E73D2F628}.Ad-Hoc|iPhone.Deploy.0 = Release|x86
		{8EFBAEB7-CB43-4004-89A6-600E73D2F628}.Ad-Hoc|iPhoneSimulator.ActiveCfg = Release|x86
		{8EFBAEB7-CB43-4004-89A6-600E73D2F628}.Ad-Hoc|iPhoneSimulator.Build.0 = Release|x86
		{8EFBAEB7-CB43-4004-89A6-600E73D2F628}.Ad-Hoc|iPhoneSimulator.Deploy.0 = Release|x86
		{8EFBAEB7-CB43-4004-89A6-600E73D2F628}.Ad-Hoc|x64.ActiveCfg = Release|x64
		{8EFBAEB7-CB43-4004-89A6-600E73D2F628}.Ad-Hoc|x64.Build.0 = Release|x64
		{8EFBAEB7-CB43-4004-89A6-600E73D2F628}.Ad-Hoc|x64.Deploy.0 = Release|x64
		{8EFBAEB7-CB43-4004-89A6-600E73D2F628}.Ad-Hoc|x86.ActiveCfg = Release|x86
		{8EFBAEB7-CB43-4004-89A6-600E73D2F628}.Ad-Hoc|x86.Build.0 = Release|x86
		{8EFBAEB7-CB43-4004-89A6-600E73D2F628}.Ad-Hoc|x86.Deploy.0 = Release|x86
		{8EFBAEB7-CB43-4004-89A6-600E73D2F628}.AppStore|Any CPU.ActiveCfg = Release|x86
		{8EFBAEB7-CB43-4004-89A6-600E73D2F628}.AppStore|Any CPU.Build.0 = Release|x86
		{8EFBAEB7-CB43-4004-89A6-600E73D2F628}.AppStore|Any CPU.Deploy.0 = Release|x86
		{8EFBAEB7-CB43-4004-89A6-600E73D2F628}.AppStore|ARM.ActiveCfg = Release|ARM
		{8EFBAEB7-CB43-4004-89A6-600E73D2F628}.AppStore|ARM.Build.0 = Release|ARM
		{8EFBAEB7-CB43-4004-89A6-600E73D2F628}.AppStore|ARM.Deploy.0 = Release|ARM
		{8EFBAEB7-CB43-4004-89A6-600E73D2F628}.AppStore|iPhone.ActiveCfg = Release|x86
		{8EFBAEB7-CB43-4004-89A6-600E73D2F628}.AppStore|iPhone.Build.0 = Release|x86
		{8EFBAEB7-CB43-4004-89A6-600E73D2F628}.AppStore|iPhone.Deploy.0 = Release|x86
		{8EFBAEB7-CB43-4004-89A6-600E73D2F628}.AppStore|iPhoneSimulator.ActiveCfg = Release|x86
		{8EFBAEB7-CB43-4004-89A6-600E73D2F628}.AppStore|iPhoneSimulator.Build.0 = Release|x86
		{8EFBAEB7-CB43-4004-89A6-600E73D2F628}.AppStore|iPhoneSimulator.Deploy.0 = Release|x86
		{8EFBAEB7-CB43-4004-89A6-600E73D2F628}.AppStore|x64.ActiveCfg = Release|x64
		{8EFBAEB7-CB43-4004-89A6-600E73D2F628}.AppStore|x64.Build.0 = Release|x64
		{8EFBAEB7-CB43-4004-89A6-600E73D2F628}.AppStore|x64.Deploy.0 = Release|x64
		{8EFBAEB7-CB43-4004-89A6-600E73D2F628}.AppStore|x86.ActiveCfg = Release|x86
		{8EFBAEB7-CB43-4004-89A6-600E73D2F628}.AppStore|x86.Build.0 = Release|x86
		{8EFBAEB7-CB43-4004-89A6-600E73D2F628}.AppStore|x86.Deploy.0 = Release|x86
		{8EFBAEB7-CB43-4004-89A6-600E73D2F628}.Debug|Any CPU.ActiveCfg = Debug|x86
		{8EFBAEB7-CB43-4004-89A6-600E73D2F628}.Debug|ARM.ActiveCfg = Debug|ARM
		{8EFBAEB7-CB43-4004-89A6-600E73D2F628}.Debug|ARM.Build.0 = Debug|ARM
		{8EFBAEB7-CB43-4004-89A6-600E73D2F628}.Debug|ARM.Deploy.0 = Debug|ARM
		{8EFBAEB7-CB43-4004-89A6-600E73D2F628}.Debug|iPhone.ActiveCfg = Debug|x86
		{8EFBAEB7-CB43-4004-89A6-600E73D2F628}.Debug|iPhoneSimulator.ActiveCfg = Debug|x86
		{8EFBAEB7-CB43-4004-89A6-600E73D2F628}.Debug|x64.ActiveCfg = Debug|x64
		{8EFBAEB7-CB43-4004-89A6-600E73D2F628}.Debug|x64.Build.0 = Debug|x64
		{8EFBAEB7-CB43-4004-89A6-600E73D2F628}.Debug|x64.Deploy.0 = Debug|x64
		{8EFBAEB7-CB43-4004-89A6-600E73D2F628}.Debug|x86.ActiveCfg = Debug|x86
		{8EFBAEB7-CB43-4004-89A6-600E73D2F628}.Debug|x86.Build.0 = Debug|x86
		{8EFBAEB7-CB43-4004-89A6-600E73D2F628}.Debug|x86.Deploy.0 = Debug|x86
		{8EFBAEB7-CB43-4004-89A6-600E73D2F628}.Release|Any CPU.ActiveCfg = Release|x86
		{8EFBAEB7-CB43-4004-89A6-600E73D2F628}.Release|ARM.ActiveCfg = Release|ARM
		{8EFBAEB7-CB43-4004-89A6-600E73D2F628}.Release|ARM.Build.0 = Release|ARM
		{8EFBAEB7-CB43-4004-89A6-600E73D2F628}.Release|ARM.Deploy.0 = Release|ARM
		{8EFBAEB7-CB43-4004-89A6-600E73D2F628}.Release|iPhone.ActiveCfg = Release|x86
		{8EFBAEB7-CB43-4004-89A6-600E73D2F628}.Release|iPhoneSimulator.ActiveCfg = Release|x86
		{8EFBAEB7-CB43-4004-89A6-600E73D2F628}.Release|x64.ActiveCfg = Release|x64
		{8EFBAEB7-CB43-4004-89A6-600E73D2F628}.Release|x64.Build.0 = Release|x64
		{8EFBAEB7-CB43-4004-89A6-600E73D2F628}.Release|x64.Deploy.0 = Release|x64
		{8EFBAEB7-CB43-4004-89A6-600E73D2F628}.Release|x86.ActiveCfg = Release|x86
		{8EFBAEB7-CB43-4004-89A6-600E73D2F628}.Release|x86.Build.0 = Release|x86
		{8EFBAEB7-CB43-4004-89A6-600E73D2F628}.Release|x86.Deploy.0 = Release|x86
		{E05CDFA7-114A-4566-9869-1523508F969F}.Ad-Hoc|Any CPU.ActiveCfg = Debug|Any CPU
		{E05CDFA7-114A-4566-9869-1523508F969F}.Ad-Hoc|Any CPU.Build.0 = Debug|Any CPU
		{E05CDFA7-114A-4566-9869-1523508F969F}.Ad-Hoc|ARM.ActiveCfg = Debug|Any CPU
		{E05CDFA7-114A-4566-9869-1523508F969F}.Ad-Hoc|ARM.Build.0 = Debug|Any CPU
		{E05CDFA7-114A-4566-9869-1523508F969F}.Ad-Hoc|iPhone.ActiveCfg = Debug|Any CPU
		{E05CDFA7-114A-4566-9869-1523508F969F}.Ad-Hoc|iPhone.Build.0 = Debug|Any CPU
		{E05CDFA7-114A-4566-9869-1523508F969F}.Ad-Hoc|iPhoneSimulator.ActiveCfg = Debug|Any CPU
		{E05CDFA7-114A-4566-9869-1523508F969F}.Ad-Hoc|iPhoneSimulator.Build.0 = Debug|Any CPU
		{E05CDFA7-114A-4566-9869-1523508F969F}.Ad-Hoc|x64.ActiveCfg = Debug|Any CPU
		{E05CDFA7-114A-4566-9869-1523508F969F}.Ad-Hoc|x64.Build.0 = Debug|Any CPU
		{E05CDFA7-114A-4566-9869-1523508F969F}.Ad-Hoc|x86.ActiveCfg = Debug|Any CPU
		{E05CDFA7-114A-4566-9869-1523508F969F}.Ad-Hoc|x86.Build.0 = Debug|Any CPU
		{E05CDFA7-114A-4566-9869-1523508F969F}.AppStore|Any CPU.ActiveCfg = Debug|Any CPU
		{E05CDFA7-114A-4566-9869-1523508F969F}.AppStore|Any CPU.Build.0 = Debug|Any CPU
		{E05CDFA7-114A-4566-9869-1523508F969F}.AppStore|ARM.ActiveCfg = Debug|Any CPU
		{E05CDFA7-114A-4566-9869-1523508F969F}.AppStore|ARM.Build.0 = Debug|Any CPU
		{E05CDFA7-114A-4566-9869-1523508F969F}.AppStore|iPhone.ActiveCfg = Debug|Any CPU
		{E05CDFA7-114A-4566-9869-1523508F969F}.AppStore|iPhone.Build.0 = Debug|Any CPU
		{E05CDFA7-114A-4566-9869-1523508F969F}.AppStore|iPhoneSimulator.ActiveCfg = Debug|Any CPU
		{E05CDFA7-114A-4566-9869-1523508F969F}.AppStore|iPhoneSimulator.Build.0 = Debug|Any CPU
		{E05CDFA7-114A-4566-9869-1523508F969F}.AppStore|x64.ActiveCfg = Debug|Any CPU
		{E05CDFA7-114A-4566-9869-1523508F969F}.AppStore|x64.Build.0 = Debug|Any CPU
		{E05CDFA7-114A-4566-9869-1523508F969F}.AppStore|x86.ActiveCfg = Debug|Any CPU
		{E05CDFA7-114A-4566-9869-1523508F969F}.AppStore|x86.Build.0 = Debug|Any CPU
		{E05CDFA7-114A-4566-9869-1523508F969F}.Debug|Any CPU.ActiveCfg = Debug|Any CPU
		{E05CDFA7-114A-4566-9869-1523508F969F}.Debug|Any CPU.Build.0 = Debug|Any CPU
		{E05CDFA7-114A-4566-9869-1523508F969F}.Debug|ARM.ActiveCfg = Debug|Any CPU
		{E05CDFA7-114A-4566-9869-1523508F969F}.Debug|ARM.Build.0 = Debug|Any CPU
		{E05CDFA7-114A-4566-9869-1523508F969F}.Debug|iPhone.ActiveCfg = Debug|Any CPU
		{E05CDFA7-114A-4566-9869-1523508F969F}.Debug|iPhone.Build.0 = Debug|Any CPU
		{E05CDFA7-114A-4566-9869-1523508F969F}.Debug|iPhoneSimulator.ActiveCfg = Debug|Any CPU
		{E05CDFA7-114A-4566-9869-1523508F969F}.Debug|iPhoneSimulator.Build.0 = Debug|Any CPU
		{E05CDFA7-114A-4566-9869-1523508F969F}.Debug|x64.ActiveCfg = Debug|Any CPU
		{E05CDFA7-114A-4566-9869-1523508F969F}.Debug|x64.Build.0 = Debug|Any CPU
		{E05CDFA7-114A-4566-9869-1523508F969F}.Debug|x86.ActiveCfg = Debug|Any CPU
		{E05CDFA7-114A-4566-9869-1523508F969F}.Debug|x86.Build.0 = Debug|Any CPU
		{E05CDFA7-114A-4566-9869-1523508F969F}.Release|Any CPU.ActiveCfg = Release|Any CPU
		{E05CDFA7-114A-4566-9869-1523508F969F}.Release|Any CPU.Build.0 = Release|Any CPU
		{E05CDFA7-114A-4566-9869-1523508F969F}.Release|ARM.ActiveCfg = Release|Any CPU
		{E05CDFA7-114A-4566-9869-1523508F969F}.Release|ARM.Build.0 = Release|Any CPU
		{E05CDFA7-114A-4566-9869-1523508F969F}.Release|iPhone.ActiveCfg = Release|Any CPU
		{E05CDFA7-114A-4566-9869-1523508F969F}.Release|iPhone.Build.0 = Release|Any CPU
		{E05CDFA7-114A-4566-9869-1523508F969F}.Release|iPhoneSimulator.ActiveCfg = Release|Any CPU
		{E05CDFA7-114A-4566-9869-1523508F969F}.Release|iPhoneSimulator.Build.0 = Release|Any CPU
		{E05CDFA7-114A-4566-9869-1523508F969F}.Release|x64.ActiveCfg = Release|Any CPU
		{E05CDFA7-114A-4566-9869-1523508F969F}.Release|x64.Build.0 = Release|Any CPU
		{E05CDFA7-114A-4566-9869-1523508F969F}.Release|x86.ActiveCfg = Release|Any CPU
		{E05CDFA7-114A-4566-9869-1523508F969F}.Release|x86.Build.0 = Release|Any CPU
	EndGlobalSection
	GlobalSection(SolutionProperties) = preSolution
		HideSolutionNode = FALSE
	EndGlobalSection
	GlobalSection(ExtensibilityGlobals) = postSolution
		SolutionGuid = {963D3E11-0606-48F4-A0A0-FA59998B345A}
	EndGlobalSection
EndGlobal
