
Microsoft Visual Studio Solution File, Format Version 12.00
# Visual Studio 15
VisualStudioVersion = 15.0.27130.2026
MinimumVisualStudioVersion = 10.0.40219.1
Project("{FAE04EC0-301F-11D3-BF4B-00C04F79EFBC}") = "VideoIndexer.Android", "VideoIndexer\VideoIndexer.Android\VideoIndexer.Android.csproj", "{F6377E64-EC22-4DD4-A88B-6798BEF98A3A}"
EndProject
Project("{FAE04EC0-301F-11D3-BF4B-00C04F79EFBC}") = "VideoIndexer.iOS", "VideoIndexer\VideoIndexer.iOS\VideoIndexer.iOS.csproj", "{FB8F28C0-8A97-47C2-AD17-FB01D1A88D99}"
EndProject
Project("{FAE04EC0-301F-11D3-BF4B-00C04F79EFBC}") = "VideoIndexer.UWP", "VideoIndexer\VideoIndexer.UWP\VideoIndexer.UWP.csproj", "{3099622B-8276-4D5A-8DD5-5E2168447AAE}"
EndProject
Project("{FAE04EC0-301F-11D3-BF4B-00C04F79EFBC}") = "VideoIndexer", "VideoIndexer\VideoIndexer\VideoIndexer.csproj", "{9B7E92D4-A34F-4559-BB20-715A7A517C7B}"
EndProject
Global
	GlobalSection(SolutionConfigurationPlatforms) = preSolution
		Ad-Hoc|Any CPU = Ad-Hoc|Any CPU
		Ad-Hoc|ARM = Ad-Hoc|ARM
		Ad-Hoc|iPhone = Ad-Hoc|iPhone
		Ad-Hoc|iPhoneSimulator = Ad-Hoc|iPhoneSimulator
		Ad-Hoc|x64 = Ad-Hoc|x64
		Ad-Hoc|x86 = Ad-Hoc|x86
		AppStore|Any CPU = AppStore|Any CPU
		AppStore|ARM = AppStore|ARM
		AppStore|iPhone = AppStore|iPhone
		AppStore|iPhoneSimulator = AppStore|iPhoneSimulator
		AppStore|x64 = AppStore|x64
		AppStore|x86 = AppStore|x86
		Debug|Any CPU = Debug|Any CPU
		Debug|ARM = Debug|ARM
		Debug|iPhone = Debug|iPhone
		Debug|iPhoneSimulator = Debug|iPhoneSimulator
		Debug|x64 = Debug|x64
		Debug|x86 = Debug|x86
		Release|Any CPU = Release|Any CPU
		Release|ARM = Release|ARM
		Release|iPhone = Release|iPhone
		Release|iPhoneSimulator = Release|iPhoneSimulator
		Release|x64 = Release|x64
		Release|x86 = Release|x86
	EndGlobalSection
	GlobalSection(ProjectConfigurationPlatforms) = postSolution
		{F6377E64-EC22-4DD4-A88B-6798BEF98A3A}.Ad-Hoc|Any CPU.ActiveCfg = Release|Any CPU
		{F6377E64-EC22-4DD4-A88B-6798BEF98A3A}.Ad-Hoc|Any CPU.Build.0 = Release|Any CPU
		{F6377E64-EC22-4DD4-A88B-6798BEF98A3A}.Ad-Hoc|Any CPU.Deploy.0 = Release|Any CPU
		{F6377E64-EC22-4DD4-A88B-6798BEF98A3A}.Ad-Hoc|ARM.ActiveCfg = Release|Any CPU
		{F6377E64-EC22-4DD4-A88B-6798BEF98A3A}.Ad-Hoc|ARM.Build.0 = Release|Any CPU
		{F6377E64-EC22-4DD4-A88B-6798BEF98A3A}.Ad-Hoc|ARM.Deploy.0 = Release|Any CPU
		{F6377E64-EC22-4DD4-A88B-6798BEF98A3A}.Ad-Hoc|iPhone.ActiveCfg = Release|Any CPU
		{F6377E64-EC22-4DD4-A88B-6798BEF98A3A}.Ad-Hoc|iPhone.Build.0 = Release|Any CPU
		{F6377E64-EC22-4DD4-A88B-6798BEF98A3A}.Ad-Hoc|iPhone.Deploy.0 = Release|Any CPU
		{F6377E64-EC22-4DD4-A88B-6798BEF98A3A}.Ad-Hoc|iPhoneSimulator.ActiveCfg = Release|Any CPU
		{F6377E64-EC22-4DD4-A88B-6798BEF98A3A}.Ad-Hoc|iPhoneSimulator.Build.0 = Release|Any CPU
		{F6377E64-EC22-4DD4-A88B-6798BEF98A3A}.Ad-Hoc|iPhoneSimulator.Deploy.0 = Release|Any CPU
		{F6377E64-EC22-4DD4-A88B-6798BEF98A3A}.Ad-Hoc|x64.ActiveCfg = Release|Any CPU
		{F6377E64-EC22-4DD4-A88B-6798BEF98A3A}.Ad-Hoc|x64.Build.0 = Release|Any CPU
		{F6377E64-EC22-4DD4-A88B-6798BEF98A3A}.Ad-Hoc|x64.Deploy.0 = Release|Any CPU
		{F6377E64-EC22-4DD4-A88B-6798BEF98A3A}.Ad-Hoc|x86.ActiveCfg = Release|Any CPU
		{F6377E64-EC22-4DD4-A88B-6798BEF98A3A}.Ad-Hoc|x86.Build.0 = Release|Any CPU
		{F6377E64-EC22-4DD4-A88B-6798BEF98A3A}.Ad-Hoc|x86.Deploy.0 = Release|Any CPU
		{F6377E64-EC22-4DD4-A88B-6798BEF98A3A}.AppStore|Any CPU.ActiveCfg = Release|Any CPU
		{F6377E64-EC22-4DD4-A88B-6798BEF98A3A}.AppStore|Any CPU.Build.0 = Release|Any CPU
		{F6377E64-EC22-4DD4-A88B-6798BEF98A3A}.AppStore|Any CPU.Deploy.0 = Release|Any CPU
		{F6377E64-EC22-4DD4-A88B-6798BEF98A3A}.AppStore|ARM.ActiveCfg = Release|Any CPU
		{F6377E64-EC22-4DD4-A88B-6798BEF98A3A}.AppStore|ARM.Build.0 = Release|Any CPU
		{F6377E64-EC22-4DD4-A88B-6798BEF98A3A}.AppStore|ARM.Deploy.0 = Release|Any CPU
		{F6377E64-EC22-4DD4-A88B-6798BEF98A3A}.AppStore|iPhone.ActiveCfg = Release|Any CPU
		{F6377E64-EC22-4DD4-A88B-6798BEF98A3A}.AppStore|iPhone.Build.0 = Release|Any CPU
		{F6377E64-EC22-4DD4-A88B-6798BEF98A3A}.AppStore|iPhone.Deploy.0 = Release|Any CPU
		{F6377E64-EC22-4DD4-A88B-6798BEF98A3A}.AppStore|iPhoneSimulator.ActiveCfg = Release|Any CPU
		{F6377E64-EC22-4DD4-A88B-6798BEF98A3A}.AppStore|iPhoneSimulator.Build.0 = Release|Any CPU
		{F6377E64-EC22-4DD4-A88B-6798BEF98A3A}.AppStore|iPhoneSimulator.Deploy.0 = Release|Any CPU
		{F6377E64-EC22-4DD4-A88B-6798BEF98A3A}.AppStore|x64.ActiveCfg = Release|Any CPU
		{F6377E64-EC22-4DD4-A88B-6798BEF98A3A}.AppStore|x64.Build.0 = Release|Any CPU
		{F6377E64-EC22-4DD4-A88B-6798BEF98A3A}.AppStore|x64.Deploy.0 = Release|Any CPU
		{F6377E64-EC22-4DD4-A88B-6798BEF98A3A}.AppStore|x86.ActiveCfg = Release|Any CPU
		{F6377E64-EC22-4DD4-A88B-6798BEF98A3A}.AppStore|x86.Build.0 = Release|Any CPU
		{F6377E64-EC22-4DD4-A88B-6798BEF98A3A}.AppStore|x86.Deploy.0 = Release|Any CPU
		{F6377E64-EC22-4DD4-A88B-6798BEF98A3A}.Debug|Any CPU.ActiveCfg = Debug|Any CPU
		{F6377E64-EC22-4DD4-A88B-6798BEF98A3A}.Debug|Any CPU.Build.0 = Debug|Any CPU
		{F6377E64-EC22-4DD4-A88B-6798BEF98A3A}.Debug|Any CPU.Deploy.0 = Debug|Any CPU
		{F6377E64-EC22-4DD4-A88B-6798BEF98A3A}.Debug|ARM.ActiveCfg = Debug|Any CPU
		{F6377E64-EC22-4DD4-A88B-6798BEF98A3A}.Debug|ARM.Build.0 = Debug|Any CPU
		{F6377E64-EC22-4DD4-A88B-6798BEF98A3A}.Debug|ARM.Deploy.0 = Debug|Any CPU
		{F6377E64-EC22-4DD4-A88B-6798BEF98A3A}.Debug|iPhone.ActiveCfg = Debug|Any CPU
		{F6377E64-EC22-4DD4-A88B-6798BEF98A3A}.Debug|iPhone.Build.0 = Debug|Any CPU
		{F6377E64-EC22-4DD4-A88B-6798BEF98A3A}.Debug|iPhone.Deploy.0 = Debug|Any CPU
		{F6377E64-EC22-4DD4-A88B-6798BEF98A3A}.Debug|iPhoneSimulator.ActiveCfg = Debug|Any CPU
		{F6377E64-EC22-4DD4-A88B-6798BEF98A3A}.Debug|iPhoneSimulator.Build.0 = Debug|Any CPU
		{F6377E64-EC22-4DD4-A88B-6798BEF98A3A}.Debug|iPhoneSimulator.Deploy.0 = Debug|Any CPU
		{F6377E64-EC22-4DD4-A88B-6798BEF98A3A}.Debug|x64.ActiveCfg = Debug|Any CPU
		{F6377E64-EC22-4DD4-A88B-6798BEF98A3A}.Debug|x64.Build.0 = Debug|Any CPU
		{F6377E64-EC22-4DD4-A88B-6798BEF98A3A}.Debug|x64.Deploy.0 = Debug|Any CPU
		{F6377E64-EC22-4DD4-A88B-6798BEF98A3A}.Debug|x86.ActiveCfg = Debug|Any CPU
		{F6377E64-EC22-4DD4-A88B-6798BEF98A3A}.Debug|x86.Build.0 = Debug|Any CPU
		{F6377E64-EC22-4DD4-A88B-6798BEF98A3A}.Debug|x86.Deploy.0 = Debug|Any CPU
		{F6377E64-EC22-4DD4-A88B-6798BEF98A3A}.Release|Any CPU.ActiveCfg = Release|Any CPU
		{F6377E64-EC22-4DD4-A88B-6798BEF98A3A}.Release|Any CPU.Build.0 = Release|Any CPU
		{F6377E64-EC22-4DD4-A88B-6798BEF98A3A}.Release|Any CPU.Deploy.0 = Release|Any CPU
		{F6377E64-EC22-4DD4-A88B-6798BEF98A3A}.Release|ARM.ActiveCfg = Release|Any CPU
		{F6377E64-EC22-4DD4-A88B-6798BEF98A3A}.Release|ARM.Build.0 = Release|Any CPU
		{F6377E64-EC22-4DD4-A88B-6798BEF98A3A}.Release|ARM.Deploy.0 = Release|Any CPU
		{F6377E64-EC22-4DD4-A88B-6798BEF98A3A}.Release|iPhone.ActiveCfg = Release|Any CPU
		{F6377E64-EC22-4DD4-A88B-6798BEF98A3A}.Release|iPhone.Build.0 = Release|Any CPU
		{F6377E64-EC22-4DD4-A88B-6798BEF98A3A}.Release|iPhone.Deploy.0 = Release|Any CPU
		{F6377E64-EC22-4DD4-A88B-6798BEF98A3A}.Release|iPhoneSimulator.ActiveCfg = Release|Any CPU
		{F6377E64-EC22-4DD4-A88B-6798BEF98A3A}.Release|iPhoneSimulator.Build.0 = Release|Any CPU
		{F6377E64-EC22-4DD4-A88B-6798BEF98A3A}.Release|iPhoneSimulator.Deploy.0 = Release|Any CPU
		{F6377E64-EC22-4DD4-A88B-6798BEF98A3A}.Release|x64.ActiveCfg = Release|Any CPU
		{F6377E64-EC22-4DD4-A88B-6798BEF98A3A}.Release|x64.Build.0 = Release|Any CPU
		{F6377E64-EC22-4DD4-A88B-6798BEF98A3A}.Release|x64.Deploy.0 = Release|Any CPU
		{F6377E64-EC22-4DD4-A88B-6798BEF98A3A}.Release|x86.ActiveCfg = Release|Any CPU
		{F6377E64-EC22-4DD4-A88B-6798BEF98A3A}.Release|x86.Build.0 = Release|Any CPU
		{F6377E64-EC22-4DD4-A88B-6798BEF98A3A}.Release|x86.Deploy.0 = Release|Any CPU
		{FB8F28C0-8A97-47C2-AD17-FB01D1A88D99}.Ad-Hoc|Any CPU.ActiveCfg = Ad-Hoc|iPhone
		{FB8F28C0-8A97-47C2-AD17-FB01D1A88D99}.Ad-Hoc|ARM.ActiveCfg = Ad-Hoc|iPhone
		{FB8F28C0-8A97-47C2-AD17-FB01D1A88D99}.Ad-Hoc|iPhone.ActiveCfg = Ad-Hoc|iPhone
		{FB8F28C0-8A97-47C2-AD17-FB01D1A88D99}.Ad-Hoc|iPhone.Build.0 = Ad-Hoc|iPhone
		{FB8F28C0-8A97-47C2-AD17-FB01D1A88D99}.Ad-Hoc|iPhoneSimulator.ActiveCfg = Ad-Hoc|iPhoneSimulator
		{FB8F28C0-8A97-47C2-AD17-FB01D1A88D99}.Ad-Hoc|iPhoneSimulator.Build.0 = Ad-Hoc|iPhoneSimulator
		{FB8F28C0-8A97-47C2-AD17-FB01D1A88D99}.Ad-Hoc|x64.ActiveCfg = Ad-Hoc|iPhone
		{FB8F28C0-8A97-47C2-AD17-FB01D1A88D99}.Ad-Hoc|x86.ActiveCfg = Ad-Hoc|iPhone
		{FB8F28C0-8A97-47C2-AD17-FB01D1A88D99}.AppStore|Any CPU.ActiveCfg = AppStore|iPhone
		{FB8F28C0-8A97-47C2-AD17-FB01D1A88D99}.AppStore|ARM.ActiveCfg = AppStore|iPhone
		{FB8F28C0-8A97-47C2-AD17-FB01D1A88D99}.AppStore|iPhone.ActiveCfg = AppStore|iPhone
		{FB8F28C0-8A97-47C2-AD17-FB01D1A88D99}.AppStore|iPhone.Build.0 = AppStore|iPhone
		{FB8F28C0-8A97-47C2-AD17-FB01D1A88D99}.AppStore|iPhoneSimulator.ActiveCfg = AppStore|iPhoneSimulator
		{FB8F28C0-8A97-47C2-AD17-FB01D1A88D99}.AppStore|iPhoneSimulator.Build.0 = AppStore|iPhoneSimulator
		{FB8F28C0-8A97-47C2-AD17-FB01D1A88D99}.AppStore|x64.ActiveCfg = AppStore|iPhone
		{FB8F28C0-8A97-47C2-AD17-FB01D1A88D99}.AppStore|x86.ActiveCfg = AppStore|iPhone
		{FB8F28C0-8A97-47C2-AD17-FB01D1A88D99}.Debug|Any CPU.ActiveCfg = Debug|iPhone
		{FB8F28C0-8A97-47C2-AD17-FB01D1A88D99}.Debug|ARM.ActiveCfg = Debug|iPhone
		{FB8F28C0-8A97-47C2-AD17-FB01D1A88D99}.Debug|iPhone.ActiveCfg = Debug|iPhone
		{FB8F28C0-8A97-47C2-AD17-FB01D1A88D99}.Debug|iPhone.Build.0 = Debug|iPhone
		{FB8F28C0-8A97-47C2-AD17-FB01D1A88D99}.Debug|iPhoneSimulator.ActiveCfg = Debug|iPhoneSimulator
		{FB8F28C0-8A97-47C2-AD17-FB01D1A88D99}.Debug|iPhoneSimulator.Build.0 = Debug|iPhoneSimulator
		{FB8F28C0-8A97-47C2-AD17-FB01D1A88D99}.Debug|x64.ActiveCfg = Debug|iPhone
		{FB8F28C0-8A97-47C2-AD17-FB01D1A88D99}.Debug|x86.ActiveCfg = Debug|iPhone
		{FB8F28C0-8A97-47C2-AD17-FB01D1A88D99}.Release|Any CPU.ActiveCfg = Release|iPhone
		{FB8F28C0-8A97-47C2-AD17-FB01D1A88D99}.Release|ARM.ActiveCfg = Release|iPhone
		{FB8F28C0-8A97-47C2-AD17-FB01D1A88D99}.Release|iPhone.ActiveCfg = Release|iPhone
		{FB8F28C0-8A97-47C2-AD17-FB01D1A88D99}.Release|iPhone.Build.0 = Release|iPhone
		{FB8F28C0-8A97-47C2-AD17-FB01D1A88D99}.Release|iPhoneSimulator.ActiveCfg = Release|iPhoneSimulator
		{FB8F28C0-8A97-47C2-AD17-FB01D1A88D99}.Release|iPhoneSimulator.Build.0 = Release|iPhoneSimulator
		{FB8F28C0-8A97-47C2-AD17-FB01D1A88D99}.Release|x64.ActiveCfg = Release|iPhone
		{FB8F28C0-8A97-47C2-AD17-FB01D1A88D99}.Release|x86.ActiveCfg = Release|iPhone
		{3099622B-8276-4D5A-8DD5-5E2168447AAE}.Ad-Hoc|Any CPU.ActiveCfg = Release|x86
		{3099622B-8276-4D5A-8DD5-5E2168447AAE}.Ad-Hoc|Any CPU.Build.0 = Release|x86
		{3099622B-8276-4D5A-8DD5-5E2168447AAE}.Ad-Hoc|Any CPU.Deploy.0 = Release|x86
		{3099622B-8276-4D5A-8DD5-5E2168447AAE}.Ad-Hoc|ARM.ActiveCfg = Release|ARM
		{3099622B-8276-4D5A-8DD5-5E2168447AAE}.Ad-Hoc|ARM.Build.0 = Release|ARM
		{3099622B-8276-4D5A-8DD5-5E2168447AAE}.Ad-Hoc|ARM.Deploy.0 = Release|ARM
		{3099622B-8276-4D5A-8DD5-5E2168447AAE}.Ad-Hoc|iPhone.ActiveCfg = Release|x86
		{3099622B-8276-4D5A-8DD5-5E2168447AAE}.Ad-Hoc|iPhone.Build.0 = Release|x86
		{3099622B-8276-4D5A-8DD5-5E2168447AAE}.Ad-Hoc|iPhone.Deploy.0 = Release|x86
		{3099622B-8276-4D5A-8DD5-5E2168447AAE}.Ad-Hoc|iPhoneSimulator.ActiveCfg = Release|x86
		{3099622B-8276-4D5A-8DD5-5E2168447AAE}.Ad-Hoc|iPhoneSimulator.Build.0 = Release|x86
		{3099622B-8276-4D5A-8DD5-5E2168447AAE}.Ad-Hoc|iPhoneSimulator.Deploy.0 = Release|x86
		{3099622B-8276-4D5A-8DD5-5E2168447AAE}.Ad-Hoc|x64.ActiveCfg = Release|x64
		{3099622B-8276-4D5A-8DD5-5E2168447AAE}.Ad-Hoc|x64.Build.0 = Release|x64
		{3099622B-8276-4D5A-8DD5-5E2168447AAE}.Ad-Hoc|x64.Deploy.0 = Release|x64
		{3099622B-8276-4D5A-8DD5-5E2168447AAE}.Ad-Hoc|x86.ActiveCfg = Release|x86
		{3099622B-8276-4D5A-8DD5-5E2168447AAE}.Ad-Hoc|x86.Build.0 = Release|x86
		{3099622B-8276-4D5A-8DD5-5E2168447AAE}.Ad-Hoc|x86.Deploy.0 = Release|x86
		{3099622B-8276-4D5A-8DD5-5E2168447AAE}.AppStore|Any CPU.ActiveCfg = Release|x86
		{3099622B-8276-4D5A-8DD5-5E2168447AAE}.AppStore|Any CPU.Build.0 = Release|x86
		{3099622B-8276-4D5A-8DD5-5E2168447AAE}.AppStore|Any CPU.Deploy.0 = Release|x86
		{3099622B-8276-4D5A-8DD5-5E2168447AAE}.AppStore|ARM.ActiveCfg = Release|ARM
		{3099622B-8276-4D5A-8DD5-5E2168447AAE}.AppStore|ARM.Build.0 = Release|ARM
		{3099622B-8276-4D5A-8DD5-5E2168447AAE}.AppStore|ARM.Deploy.0 = Release|ARM
		{3099622B-8276-4D5A-8DD5-5E2168447AAE}.AppStore|iPhone.ActiveCfg = Release|x86
		{3099622B-8276-4D5A-8DD5-5E2168447AAE}.AppStore|iPhone.Build.0 = Release|x86
		{3099622B-8276-4D5A-8DD5-5E2168447AAE}.AppStore|iPhone.Deploy.0 = Release|x86
		{3099622B-8276-4D5A-8DD5-5E2168447AAE}.AppStore|iPhoneSimulator.ActiveCfg = Release|x86
		{3099622B-8276-4D5A-8DD5-5E2168447AAE}.AppStore|iPhoneSimulator.Build.0 = Release|x86
		{3099622B-8276-4D5A-8DD5-5E2168447AAE}.AppStore|iPhoneSimulator.Deploy.0 = Release|x86
		{3099622B-8276-4D5A-8DD5-5E2168447AAE}.AppStore|x64.ActiveCfg = Release|x64
		{3099622B-8276-4D5A-8DD5-5E2168447AAE}.AppStore|x64.Build.0 = Release|x64
		{3099622B-8276-4D5A-8DD5-5E2168447AAE}.AppStore|x64.Deploy.0 = Release|x64
		{3099622B-8276-4D5A-8DD5-5E2168447AAE}.AppStore|x86.ActiveCfg = Release|x86
		{3099622B-8276-4D5A-8DD5-5E2168447AAE}.AppStore|x86.Build.0 = Release|x86
		{3099622B-8276-4D5A-8DD5-5E2168447AAE}.AppStore|x86.Deploy.0 = Release|x86
		{3099622B-8276-4D5A-8DD5-5E2168447AAE}.Debug|Any CPU.ActiveCfg = Debug|x86
		{3099622B-8276-4D5A-8DD5-5E2168447AAE}.Debug|ARM.ActiveCfg = Debug|ARM
		{3099622B-8276-4D5A-8DD5-5E2168447AAE}.Debug|ARM.Build.0 = Debug|ARM
		{3099622B-8276-4D5A-8DD5-5E2168447AAE}.Debug|ARM.Deploy.0 = Debug|ARM
		{3099622B-8276-4D5A-8DD5-5E2168447AAE}.Debug|iPhone.ActiveCfg = Debug|x86
		{3099622B-8276-4D5A-8DD5-5E2168447AAE}.Debug|iPhoneSimulator.ActiveCfg = Debug|x86
		{3099622B-8276-4D5A-8DD5-5E2168447AAE}.Debug|x64.ActiveCfg = Debug|x64
		{3099622B-8276-4D5A-8DD5-5E2168447AAE}.Debug|x64.Build.0 = Debug|x64
		{3099622B-8276-4D5A-8DD5-5E2168447AAE}.Debug|x64.Deploy.0 = Debug|x64
		{3099622B-8276-4D5A-8DD5-5E2168447AAE}.Debug|x86.ActiveCfg = Debug|x86
		{3099622B-8276-4D5A-8DD5-5E2168447AAE}.Debug|x86.Build.0 = Debug|x86
		{3099622B-8276-4D5A-8DD5-5E2168447AAE}.Debug|x86.Deploy.0 = Debug|x86
		{3099622B-8276-4D5A-8DD5-5E2168447AAE}.Release|Any CPU.ActiveCfg = Release|x86
		{3099622B-8276-4D5A-8DD5-5E2168447AAE}.Release|ARM.ActiveCfg = Release|ARM
		{3099622B-8276-4D5A-8DD5-5E2168447AAE}.Release|ARM.Build.0 = Release|ARM
		{3099622B-8276-4D5A-8DD5-5E2168447AAE}.Release|ARM.Deploy.0 = Release|ARM
		{3099622B-8276-4D5A-8DD5-5E2168447AAE}.Release|iPhone.ActiveCfg = Release|x86
		{3099622B-8276-4D5A-8DD5-5E2168447AAE}.Release|iPhoneSimulator.ActiveCfg = Release|x86
		{3099622B-8276-4D5A-8DD5-5E2168447AAE}.Release|x64.ActiveCfg = Release|x64
		{3099622B-8276-4D5A-8DD5-5E2168447AAE}.Release|x64.Build.0 = Release|x64
		{3099622B-8276-4D5A-8DD5-5E2168447AAE}.Release|x64.Deploy.0 = Release|x64
		{3099622B-8276-4D5A-8DD5-5E2168447AAE}.Release|x86.ActiveCfg = Release|x86
		{3099622B-8276-4D5A-8DD5-5E2168447AAE}.Release|x86.Build.0 = Release|x86
		{3099622B-8276-4D5A-8DD5-5E2168447AAE}.Release|x86.Deploy.0 = Release|x86
		{9B7E92D4-A34F-4559-BB20-715A7A517C7B}.Ad-Hoc|Any CPU.ActiveCfg = Debug|Any CPU
		{9B7E92D4-A34F-4559-BB20-715A7A517C7B}.Ad-Hoc|Any CPU.Build.0 = Debug|Any CPU
		{9B7E92D4-A34F-4559-BB20-715A7A517C7B}.Ad-Hoc|ARM.ActiveCfg = Debug|Any CPU
		{9B7E92D4-A34F-4559-BB20-715A7A517C7B}.Ad-Hoc|ARM.Build.0 = Debug|Any CPU
		{9B7E92D4-A34F-4559-BB20-715A7A517C7B}.Ad-Hoc|iPhone.ActiveCfg = Debug|Any CPU
		{9B7E92D4-A34F-4559-BB20-715A7A517C7B}.Ad-Hoc|iPhone.Build.0 = Debug|Any CPU
		{9B7E92D4-A34F-4559-BB20-715A7A517C7B}.Ad-Hoc|iPhoneSimulator.ActiveCfg = Debug|Any CPU
		{9B7E92D4-A34F-4559-BB20-715A7A517C7B}.Ad-Hoc|iPhoneSimulator.Build.0 = Debug|Any CPU
		{9B7E92D4-A34F-4559-BB20-715A7A517C7B}.Ad-Hoc|x64.ActiveCfg = Debug|Any CPU
		{9B7E92D4-A34F-4559-BB20-715A7A517C7B}.Ad-Hoc|x64.Build.0 = Debug|Any CPU
		{9B7E92D4-A34F-4559-BB20-715A7A517C7B}.Ad-Hoc|x86.ActiveCfg = Debug|Any CPU
		{9B7E92D4-A34F-4559-BB20-715A7A517C7B}.Ad-Hoc|x86.Build.0 = Debug|Any CPU
		{9B7E92D4-A34F-4559-BB20-715A7A517C7B}.AppStore|Any CPU.ActiveCfg = Debug|Any CPU
		{9B7E92D4-A34F-4559-BB20-715A7A517C7B}.AppStore|Any CPU.Build.0 = Debug|Any CPU
		{9B7E92D4-A34F-4559-BB20-715A7A517C7B}.AppStore|ARM.ActiveCfg = Debug|Any CPU
		{9B7E92D4-A34F-4559-BB20-715A7A517C7B}.AppStore|ARM.Build.0 = Debug|Any CPU
		{9B7E92D4-A34F-4559-BB20-715A7A517C7B}.AppStore|iPhone.ActiveCfg = Debug|Any CPU
		{9B7E92D4-A34F-4559-BB20-715A7A517C7B}.AppStore|iPhone.Build.0 = Debug|Any CPU
		{9B7E92D4-A34F-4559-BB20-715A7A517C7B}.AppStore|iPhoneSimulator.ActiveCfg = Debug|Any CPU
		{9B7E92D4-A34F-4559-BB20-715A7A517C7B}.AppStore|iPhoneSimulator.Build.0 = Debug|Any CPU
		{9B7E92D4-A34F-4559-BB20-715A7A517C7B}.AppStore|x64.ActiveCfg = Debug|Any CPU
		{9B7E92D4-A34F-4559-BB20-715A7A517C7B}.AppStore|x64.Build.0 = Debug|Any CPU
		{9B7E92D4-A34F-4559-BB20-715A7A517C7B}.AppStore|x86.ActiveCfg = Debug|Any CPU
		{9B7E92D4-A34F-4559-BB20-715A7A517C7B}.AppStore|x86.Build.0 = Debug|Any CPU
		{9B7E92D4-A34F-4559-BB20-715A7A517C7B}.Debug|Any CPU.ActiveCfg = Debug|Any CPU
		{9B7E92D4-A34F-4559-BB20-715A7A517C7B}.Debug|Any CPU.Build.0 = Debug|Any CPU
		{9B7E92D4-A34F-4559-BB20-715A7A517C7B}.Debug|ARM.ActiveCfg = Debug|Any CPU
		{9B7E92D4-A34F-4559-BB20-715A7A517C7B}.Debug|ARM.Build.0 = Debug|Any CPU
		{9B7E92D4-A34F-4559-BB20-715A7A517C7B}.Debug|iPhone.ActiveCfg = Debug|Any CPU
		{9B7E92D4-A34F-4559-BB20-715A7A517C7B}.Debug|iPhone.Build.0 = Debug|Any CPU
		{9B7E92D4-A34F-4559-BB20-715A7A517C7B}.Debug|iPhoneSimulator.ActiveCfg = Debug|Any CPU
		{9B7E92D4-A34F-4559-BB20-715A7A517C7B}.Debug|iPhoneSimulator.Build.0 = Debug|Any CPU
		{9B7E92D4-A34F-4559-BB20-715A7A517C7B}.Debug|x64.ActiveCfg = Debug|Any CPU
		{9B7E92D4-A34F-4559-BB20-715A7A517C7B}.Debug|x64.Build.0 = Debug|Any CPU
		{9B7E92D4-A34F-4559-BB20-715A7A517C7B}.Debug|x86.ActiveCfg = Debug|Any CPU
		{9B7E92D4-A34F-4559-BB20-715A7A517C7B}.Debug|x86.Build.0 = Debug|Any CPU
		{9B7E92D4-A34F-4559-BB20-715A7A517C7B}.Release|Any CPU.ActiveCfg = Release|Any CPU
		{9B7E92D4-A34F-4559-BB20-715A7A517C7B}.Release|Any CPU.Build.0 = Release|Any CPU
		{9B7E92D4-A34F-4559-BB20-715A7A517C7B}.Release|ARM.ActiveCfg = Release|Any CPU
		{9B7E92D4-A34F-4559-BB20-715A7A517C7B}.Release|ARM.Build.0 = Release|Any CPU
		{9B7E92D4-A34F-4559-BB20-715A7A517C7B}.Release|iPhone.ActiveCfg = Release|Any CPU
		{9B7E92D4-A34F-4559-BB20-715A7A517C7B}.Release|iPhone.Build.0 = Release|Any CPU
		{9B7E92D4-A34F-4559-BB20-715A7A517C7B}.Release|iPhoneSimulator.ActiveCfg = Release|Any CPU
		{9B7E92D4-A34F-4559-BB20-715A7A517C7B}.Release|iPhoneSimulator.Build.0 = Release|Any CPU
		{9B7E92D4-A34F-4559-BB20-715A7A517C7B}.Release|x64.ActiveCfg = Release|Any CPU
		{9B7E92D4-A34F-4559-BB20-715A7A517C7B}.Release|x64.Build.0 = Release|Any CPU
		{9B7E92D4-A34F-4559-BB20-715A7A517C7B}.Release|x86.ActiveCfg = Release|Any CPU
		{9B7E92D4-A34F-4559-BB20-715A7A517C7B}.Release|x86.Build.0 = Release|Any CPU
	EndGlobalSection
	GlobalSection(SolutionProperties) = preSolution
		HideSolutionNode = FALSE
	EndGlobalSection
	GlobalSection(ExtensibilityGlobals) = postSolution
		SolutionGuid = {14055C25-AD13-43D8-AFE2-BD9C89D1C40B}
	EndGlobalSection
EndGlobal
